
Microsoft Visual Studio Solution File, Format Version 12.00
# Visual Studio Version 16
VisualStudioVersion = 16.0.29102.190
MinimumVisualStudioVersion = 10.0.40219.1
Project("{FAE04EC0-301F-11D3-BF4B-00C04F79EFBC}") = "ReverseTranslater", "ReverseTranslater\ReverseTranslater.csproj", "{99A72EB0-8A28-425B-A740-B24080F66AF0}"
EndProject
Global
	GlobalSection(SolutionConfigurationPlatforms) = preSolution
		Debug|Any CPU = Debug|Any CPU
		Release|Any CPU = Release|Any CPU
	EndGlobalSection
	GlobalSection(ProjectConfigurationPlatforms) = postSolution
		{99A72EB0-8A28-425B-A740-B24080F66AF0}.Debug|Any CPU.ActiveCfg = Debug|Any CPU
		{99A72EB0-8A28-425B-A740-B24080F66AF0}.Debug|Any CPU.Build.0 = Debug|Any CPU
		{99A72EB0-8A28-425B-A740-B24080F66AF0}.Release|Any CPU.ActiveCfg = Release|Any CPU
		{99A72EB0-8A28-425B-A740-B24080F66AF0}.Release|Any CPU.Build.0 = Release|Any CPU
	EndGlobalSection
	GlobalSection(SolutionProperties) = preSolution
		HideSolutionNode = FALSE
	EndGlobalSection
	GlobalSection(ExtensibilityGlobals) = postSolution
		SolutionGuid = {A8B3D399-74E2-40A7-80AC-6035602A56B6}
	EndGlobalSection
EndGlobal
